
Microsoft Visual Studio Solution File, Format Version 12.00
# Visual Studio Version 16
VisualStudioVersion = 16.0.28803.202
MinimumVisualStudioVersion = 10.0.40219.1
Project("{FAE04EC0-301F-11D3-BF4B-00C04F79EFBC}") = "NumbersPr2", "NumbersPr2\NumbersPr2.csproj", "{147C6880-664A-4236-907C-27343CCC0AF5}"
EndProject
Global
	GlobalSection(SolutionConfigurationPlatforms) = preSolution
		Debug|Any CPU = Debug|Any CPU
		Release|Any CPU = Release|Any CPU
	EndGlobalSection
	GlobalSection(ProjectConfigurationPlatforms) = postSolution
		{147C6880-664A-4236-907C-27343CCC0AF5}.Debug|Any CPU.ActiveCfg = Debug|Any CPU
		{147C6880-664A-4236-907C-27343CCC0AF5}.Debug|Any CPU.Build.0 = Debug|Any CPU
		{147C6880-664A-4236-907C-27343CCC0AF5}.Release|Any CPU.ActiveCfg = Release|Any CPU
		{147C6880-664A-4236-907C-27343CCC0AF5}.Release|Any CPU.Build.0 = Release|Any CPU
	EndGlobalSection
	GlobalSection(SolutionProperties) = preSolution
		HideSolutionNode = FALSE
	EndGlobalSection
	GlobalSection(ExtensibilityGlobals) = postSolution
		SolutionGuid = {EA528AC7-C71D-4B18-A825-7D53780115D6}
	EndGlobalSection
EndGlobal
