
Microsoft Visual Studio Solution File, Format Version 12.00
# Visual Studio 14
VisualStudioVersion = 14.0.25420.1
MinimumVisualStudioVersion = 10.0.40219.1
Project("{FAE04EC0-301F-11D3-BF4B-00C04F79EFBC}") = "ExceptionHandler", "ExceptionHandler\ExceptionHandler.csproj", "{29F1038E-3369-49C5-8631-42F73D2CBCEA}"
EndProject
Project("{FAE04EC0-301F-11D3-BF4B-00C04F79EFBC}") = "ExceptionCore", "ExceptionCore\ExceptionCore.csproj", "{A89E8368-38FA-4EBE-8C99-1FEC9E60202F}"
EndProject
Global
	GlobalSection(SolutionConfigurationPlatforms) = preSolution
		Debug|Any CPU = Debug|Any CPU
		Release|Any CPU = Release|Any CPU
	EndGlobalSection
	GlobalSection(ProjectConfigurationPlatforms) = postSolution
		{29F1038E-3369-49C5-8631-42F73D2CBCEA}.Debug|Any CPU.ActiveCfg = Debug|Any CPU
		{29F1038E-3369-49C5-8631-42F73D2CBCEA}.Debug|Any CPU.Build.0 = Debug|Any CPU
		{29F1038E-3369-49C5-8631-42F73D2CBCEA}.Release|Any CPU.ActiveCfg = Release|Any CPU
		{29F1038E-3369-49C5-8631-42F73D2CBCEA}.Release|Any CPU.Build.0 = Release|Any CPU
		{A89E8368-38FA-4EBE-8C99-1FEC9E60202F}.Debug|Any CPU.ActiveCfg = Debug|Any CPU
		{A89E8368-38FA-4EBE-8C99-1FEC9E60202F}.Debug|Any CPU.Build.0 = Debug|Any CPU
		{A89E8368-38FA-4EBE-8C99-1FEC9E60202F}.Release|Any CPU.ActiveCfg = Release|Any CPU
		{A89E8368-38FA-4EBE-8C99-1FEC9E60202F}.Release|Any CPU.Build.0 = Release|Any CPU
	EndGlobalSection
	GlobalSection(SolutionProperties) = preSolution
		HideSolutionNode = FALSE
	EndGlobalSection
EndGlobal
