
Microsoft Visual Studio Solution File, Format Version 12.00
# Visual Studio Version 16
VisualStudioVersion = 16.0.28803.352
MinimumVisualStudioVersion = 10.0.40219.1
Project("{FAE04EC0-301F-11D3-BF4B-00C04F79EFBC}") = "Test", "Test\Test.csproj", "{9605BDA3-D469-4CF7-B63A-C2BA1BB3001B}"
EndProject
Global
	GlobalSection(SolutionConfigurationPlatforms) = preSolution
		Debug|Any CPU = Debug|Any CPU
		Release|Any CPU = Release|Any CPU
	EndGlobalSection
	GlobalSection(ProjectConfigurationPlatforms) = postSolution
		{9605BDA3-D469-4CF7-B63A-C2BA1BB3001B}.Debug|Any CPU.ActiveCfg = Debug|Any CPU
		{9605BDA3-D469-4CF7-B63A-C2BA1BB3001B}.Debug|Any CPU.Build.0 = Debug|Any CPU
		{9605BDA3-D469-4CF7-B63A-C2BA1BB3001B}.Release|Any CPU.ActiveCfg = Release|Any CPU
		{9605BDA3-D469-4CF7-B63A-C2BA1BB3001B}.Release|Any CPU.Build.0 = Release|Any CPU
	EndGlobalSection
	GlobalSection(SolutionProperties) = preSolution
		HideSolutionNode = FALSE
	EndGlobalSection
	GlobalSection(ExtensibilityGlobals) = postSolution
		SolutionGuid = {71176A16-DD90-4227-BA57-ED33ABE26080}
	EndGlobalSection
EndGlobal
