
Microsoft Visual Studio Solution File, Format Version 12.00
# Visual Studio Version 16
VisualStudioVersion = 16.0.28729.10
MinimumVisualStudioVersion = 10.0.40219.1
Project("{FAE04EC0-301F-11D3-BF4B-00C04F79EFBC}") = "Example", "Example\Example.csproj", "{6AFE01B4-9C34-4646-8F18-BA75B300963D}"
EndProject
Global
	GlobalSection(SolutionConfigurationPlatforms) = preSolution
		Debug|Any CPU = Debug|Any CPU
		Release|Any CPU = Release|Any CPU
	EndGlobalSection
	GlobalSection(ProjectConfigurationPlatforms) = postSolution
		{6AFE01B4-9C34-4646-8F18-BA75B300963D}.Debug|Any CPU.ActiveCfg = Debug|Any CPU
		{6AFE01B4-9C34-4646-8F18-BA75B300963D}.Debug|Any CPU.Build.0 = Debug|Any CPU
		{6AFE01B4-9C34-4646-8F18-BA75B300963D}.Release|Any CPU.ActiveCfg = Release|Any CPU
		{6AFE01B4-9C34-4646-8F18-BA75B300963D}.Release|Any CPU.Build.0 = Release|Any CPU
	EndGlobalSection
	GlobalSection(SolutionProperties) = preSolution
		HideSolutionNode = FALSE
	EndGlobalSection
	GlobalSection(ExtensibilityGlobals) = postSolution
		SolutionGuid = {3147850C-34AB-442D-8827-E184284DB158}
	EndGlobalSection
EndGlobal
